# This file is automatically @generated by Poetry 1.7.1 and should not be changed by hand.

[[package]]
name = "pyexiftool"
version = "0.5.6"
description = "Python wrapper for exiftool"
optional = false
python-versions = ">=3.6"
files = [
    {file = "PyExifTool-0.5.6-py3-none-any.whl", hash = "sha256:ac7d7836d2bf373f20aa558528f6b2222c4c0d896ed28c951a3ff8e6cec05a87"},
    {file = "PyExifTool-0.5.6.tar.gz", hash = "sha256:22a972c1c212d1ad5f61916fded5057333dcc48fb8e42eed12d2ff9665b367ae"},
]

[package.extras]
docs = ["packaging", "sphinx", "sphinx-autoapi", "sphinx-autodoc-typehints", "sphinx-rtd-theme"]
json = ["orjson", "simplejson", "ujson"]
test = ["packaging"]

[metadata]
lock-version = "2.0"
python-versions = "^3.7"
content-hash = "2eb7c418b6472f182ff357208f7823123d037ca4195ddb27b4d256422fb04e21"
